// !$*UTF8*$!
{
	archiveVersion = 1;
	classes = {
	};
	objectVersion = 50;
	objects = {

/* Begin PBXBuildFile section */
		30CB6E4526257258008E124A /* AppDelegate.swift in Sources */ = {isa = PBXBuildFile; fileRef = 30CB6E4426257258008E124A /* AppDelegate.swift */; };
		30CB6E4726257258008E124A /* SceneDelegate.swift in Sources */ = {isa = PBXBuildFile; fileRef = 30CB6E4626257258008E124A /* SceneDelegate.swift */; };
		30CB6E4926257258008E124A /* ViewController.swift in Sources */ = {isa = PBXBuildFile; fileRef = 30CB6E4826257258008E124A /* ViewController.swift */; };
		30CB6E4C26257258008E124A /* Main.storyboard in Resources */ = {isa = PBXBuildFile; fileRef = 30CB6E4A26257258008E124A /* Main.storyboard */; };
		30CB6E4E2625725B008E124A /* Assets.xcassets in Resources */ = {isa = PBXBuildFile; fileRef = 30CB6E4D2625725B008E124A /* Assets.xcassets */; };
		30CB6E512625725B008E124A /* LaunchScreen.storyboard in Resources */ = {isa = PBXBuildFile; fileRef = 30CB6E4F2625725B008E124A /* LaunchScreen.storyboard */; };
		30CB6E5B26257361008E124A /* Movies.swift in Sources */ = {isa = PBXBuildFile; fileRef = 30CB6E5A26257361008E124A /* Movies.swift */; };
		30CB6E5E26257729008E124A /* MovieCollectionViewCell.swift in Sources */ = {isa = PBXBuildFile; fileRef = 30CB6E5D26257729008E124A /* MovieCollectionViewCell.swift */; };
/* End PBXBuildFile section */

/* Begin PBXFileReference section */
		30CB6E4126257258008E124A /* moviesApp.app */ = {isa = PBXFileReference; explicitFileType = wrapper.application; includeInIndex = 0; path = moviesApp.app; sourceTree = BUILT_PRODUCTS_DIR; };
		30CB6E4426257258008E124A /* AppDelegate.swift */ = {isa = PBXFileReference; lastKnownFileType = sourcecode.swift; path = AppDelegate.swift; sourceTree = "<group>"; };
		30CB6E4626257258008E124A /* SceneDelegate.swift */ = {isa = PBXFileReference; lastKnownFileType = sourcecode.swift; path = SceneDelegate.swift; sourceTree = "<group>"; };
		30CB6E4826257258008E124A /* ViewController.swift */ = {isa = PBXFileReference; lastKnownFileType = sourcecode.swift; path = ViewController.swift; sourceTree = "<group>"; };
		30CB6E4B26257258008E124A /* Base */ = {isa = PBXFileReference; lastKnownFileType = file.storyboard; name = Base; path = Base.lproj/Main.storyboard; sourceTree = "<group>"; };
		30CB6E4D2625725B008E124A /* Assets.xcassets */ = {isa = PBXFileReference; lastKnownFileType = folder.assetcatalog; path = Assets.xcassets; sourceTree = "<group>"; };
		30CB6E502625725B008E124A /* Base */ = {isa = PBXFileReference; lastKnownFileType = file.storyboard; name = Base; path = Base.lproj/LaunchScreen.storyboard; sourceTree = "<group>"; };
		30CB6E522625725B008E124A /* Info.plist */ = {isa = PBXFileReference; lastKnownFileType = text.plist.xml; path = Info.plist; sourceTree = "<group>"; };
		30CB6E5A26257361008E124A /* Movies.swift */ = {isa = PBXFileReference; lastKnownFileType = sourcecode.swift; path = Movies.swift; sourceTree = "<group>"; };
		30CB6E5D26257729008E124A /* MovieCollectionViewCell.swift */ = {isa = PBXFileReference; lastKnownFileType = sourcecode.swift; path = MovieCollectionViewCell.swift; sourceTree = "<group>"; };
/* End PBXFileReference section */

/* Begin PBXFrameworksBuildPhase section */
		30CB6E3E26257258008E124A /* Frameworks */ = {
			isa = PBXFrameworksBuildPhase;
			buildActionMask = 2147483647;
			files = (
			);
			runOnlyForDeploymentPostprocessing = 0;
		};
/* End PBXFrameworksBuildPhase section */

/* Begin PBXGroup section */
		3069D02C2625CABD00A43584 /* Controller */ = {
			isa = PBXGroup;
			children = (
				30CB6E4826257258008E124A /* ViewController.swift */,
			);
			path = Controller;
			sourceTree = "<group>";
		};
		3069D02F2625CAD700A43584 /* View */ = {
			isa = PBXGroup;
			children = (
				30CB6E4A26257258008E124A /* Main.storyboard */,
			);
			path = View;
			sourceTree = "<group>";
		};
		30CB6E3826257257008E124A = {
			isa = PBXGroup;
			children = (
				30CB6E4326257258008E124A /* moviesApp */,
				30CB6E4226257258008E124A /* Products */,
			);
			sourceTree = "<group>";
		};
		30CB6E4226257258008E124A /* Products */ = {
			isa = PBXGroup;
			children = (
				30CB6E4126257258008E124A /* moviesApp.app */,
			);
			name = Products;
			sourceTree = "<group>";
		};
		30CB6E4326257258008E124A /* moviesApp */ = {
			isa = PBXGroup;
			children = (
				30CB6E4426257258008E124A /* AppDelegate.swift */,
				30CB6E4626257258008E124A /* SceneDelegate.swift */,
				30CB6E5A26257361008E124A /* Movies.swift */,
				30CB6E5D26257729008E124A /* MovieCollectionViewCell.swift */,
				3069D02F2625CAD700A43584 /* View */,
				3069D02C2625CABD00A43584 /* Controller */,
				30CB6E4D2625725B008E124A /* Assets.xcassets */,
				30CB6E4F2625725B008E124A /* LaunchScreen.storyboard */,
				30CB6E522625725B008E124A /* Info.plist */,
			);
			path = moviesApp;
			sourceTree = "<group>";
		};
/* End PBXGroup section */

/* Begin PBXNativeTarget section */
		30CB6E4026257258008E124A /* moviesApp */ = {
			isa = PBXNativeTarget;
			buildConfigurationList = 30CB6E552625725B008E124A /* Build configuration list for PBXNativeTarget "moviesApp" */;
			buildPhases = (
				30CB6E3D26257258008E124A /* Sources */,
				30CB6E3E26257258008E124A /* Frameworks */,
				30CB6E3F26257258008E124A /* Resources */,
			);
			buildRules = (
			);
			dependencies = (
			);
			name = moviesApp;
			productName = moviesApp;
			productReference = 30CB6E4126257258008E124A /* moviesApp.app */;
			productType = "com.apple.product-type.application";
		};
/* End PBXNativeTarget section */

/* Begin PBXProject section */
		30CB6E3926257257008E124A /* Project object */ = {
			isa = PBXProject;
			attributes = {
				LastSwiftUpdateCheck = 1240;
				LastUpgradeCheck = 1240;
				TargetAttributes = {
					30CB6E4026257258008E124A = {
						CreatedOnToolsVersion = 12.4;
					};
				};
			};
			buildConfigurationList = 30CB6E3C26257257008E124A /* Build configuration list for PBXProject "moviesApp" */;
			compatibilityVersion = "Xcode 9.3";
			developmentRegion = en;
			hasScannedForEncodings = 0;
			knownRegions = (
				en,
				Base,
			);
			mainGroup = 30CB6E3826257257008E124A;
			productRefGroup = 30CB6E4226257258008E124A /* Products */;
			projectDirPath = "";
			projectRoot = "";
			targets = (
				30CB6E4026257258008E124A /* moviesApp */,
			);
		};
/* End PBXProject section */

/* Begin PBXResourcesBuildPhase section */
		30CB6E3F26257258008E124A /* Resources */ = {
			isa = PBXResourcesBuildPhase;
			buildActionMask = 2147483647;
			files = (
				30CB6E512625725B008E124A /* LaunchScreen.storyboard in Resources */,
				30CB6E4E2625725B008E124A /* Assets.xcassets in Resources */,
				30CB6E4C26257258008E124A /* Main.storyboard in Resources */,
			);
			runOnlyForDeploymentPostprocessing = 0;
		};
/* End PBXResourcesBuildPhase section */

/* Begin PBXSourcesBuildPhase section */
		30CB6E3D26257258008E124A /* Sources */ = {
			isa = PBXSourcesBuildPhase;
			buildActionMask = 2147483647;
			files = (
				30CB6E4926257258008E124A /* ViewController.swift in Sources */,
				30CB6E4526257258008E124A /* AppDelegate.swift in Sources */,
				30CB6E5E26257729008E124A /* MovieCollectionViewCell.swift in Sources */,
				30CB6E5B26257361008E124A /* Movies.swift in Sources */,
				30CB6E4726257258008E124A /* SceneDelegate.swift in Sources */,
			);
			runOnlyForDeploymentPostprocessing = 0;
		};
/* End PBXSourcesBuildPhase section */

/* Begin PBXVariantGroup section */
		30CB6E4A26257258008E124A /* Main.storyboard */ = {
			isa = PBXVariantGroup;
			children = (
				30CB6E4B26257258008E124A /* Base */,
			);
			name = Main.storyboard;
			sourceTree = "<group>";
		};
		30CB6E4F2625725B008E124A /* LaunchScreen.storyboard */ = {
			isa = PBXVariantGroup;
			children = (
				30CB6E502625725B008E124A /* Base */,
			);
			name = LaunchScreen.storyboard;
			sourceTree = "<group>";
		};
/* End PBXVariantGroup section */

/* Begin XCBuildConfiguration section */
		30CB6E532625725B008E124A /* Debug */ = {
			isa = XCBuildConfiguration;
			buildSettings = {
				ALWAYS_SEARCH_USER_PATHS = NO;
				CLANG_ANALYZER_NONNULL = YES;
				CLANG_ANALYZER_NUMBER_OBJECT_CONVERSION = YES_AGGRESSIVE;
				CLANG_CXX_LANGUAGE_STANDARD = "gnu++14";
				CLANG_CXX_LIBRARY = "libc++";
				CLANG_ENABLE_MODULES = YES;
				CLANG_ENABLE_OBJC_ARC = YES;
				CLANG_ENABLE_OBJC_WEAK = YES;
				CLANG_WARN_BLOCK_CAPTURE_AUTORELEASING = YES;
				CLANG_WARN_BOOL_CONVERSION = YES;
				CLANG_WARN_COMMA = YES;
				CLANG_WARN_CONSTANT_CONVERSION = YES;
				CLANG_WARN_DEPRECATED_OBJC_IMPLEMENTATIONS = YES;
				CLANG_WARN_DIRECT_OBJC_ISA_USAGE = YES_ERROR;
				CLANG_WARN_DOCUMENTATION_COMMENTS = YES;
				CLANG_WARN_EMPTY_BODY = YES;
				CLANG_WARN_ENUM_CONVERSION = YES;
				CLANG_WARN_INFINITE_RECURSION = YES;
				CLANG_WARN_INT_CONVERSION = YES;
				CLANG_WARN_NON_LITERAL_NULL_CONVERSION = YES;
				CLANG_WARN_OBJC_IMPLICIT_RETAIN_SELF = YES;
				CLANG_WARN_OBJC_LITERAL_CONVERSION = YES;
				CLANG_WARN_OBJC_ROOT_CLASS = YES_ERROR;
				CLANG_WARN_QUOTED_INCLUDE_IN_FRAMEWORK_HEADER = YES;
				CLANG_WARN_RANGE_LOOP_ANALYSIS = YES;
				CLANG_WARN_STRICT_PROTOTYPES = YES;
				CLANG_WARN_SUSPICIOUS_MOVE = YES;
				CLANG_WARN_UNGUARDED_AVAILABILITY = YES_AGGRESSIVE;
				CLANG_WARN_UNREACHABLE_CODE = YES;
				CLANG_WARN__DUPLICATE_METHOD_MATCH = YES;
				COPY_PHASE_STRIP = NO;
				DEBUG_INFORMATION_FORMAT = dwarf;
				ENABLE_STRICT_OBJC_MSGSEND = YES;
				ENABLE_TESTABILITY = YES;
				GCC_C_LANGUAGE_STANDARD = gnu11;
				GCC_DYNAMIC_NO_PIC = NO;
				GCC_NO_COMMON_BLOCKS = YES;
				GCC_OPTIMIZATION_LEVEL = 0;
				GCC_PREPROCESSOR_DEFINITIONS = (
					"DEBUG=1",
					"$(inherited)",
				);
				GCC_WARN_64_TO_32_BIT_CONVERSION = YES;
				GCC_WARN_ABOUT_RETURN_TYPE = YES_ERROR;
				GCC_WARN_UNDECLARED_SELECTOR = YES;
				GCC_WARN_UNINITIALIZED_AUTOS = YES_AGGRESSIVE;
				GCC_WARN_UNUSED_FUNCTION = YES;
				GCC_WARN_UNUSED_VARIABLE = YES;
				IPHONEOS_DEPLOYMENT_TARGET = 14.4;
				MTL_ENABLE_DEBUG_INFO = INCLUDE_SOURCE;
				MTL_FAST_MATH = YES;
				ONLY_ACTIVE_ARCH = YES;
				SDKROOT = iphoneos;
				SWIFT_ACTIVE_COMPILATION_CONDITIONS = DEBUG;
				SWIFT_OPTIMIZATION_LEVEL = "-Onone";
			};
			name = Debug;
		};
		30CB6E542625725B008E124A /* Release */ = {
			isa = XCBuildConfiguration;
			buildSettings = {
				ALWAYS_SEARCH_USER_PATHS = NO;
				CLANG_ANALYZER_NONNULL = YES;
				CLANG_ANALYZER_NUMBER_OBJECT_CONVERSION = YES_AGGRESSIVE;
				CLANG_CXX_LANGUAGE_STANDARD = "gnu++14";
				CLANG_CXX_LIBRARY = "libc++";
				CLANG_ENABLE_MODULES = YES;
				CLANG_ENABLE_OBJC_ARC = YES;
				CLANG_ENABLE_OBJC_WEAK = YES;
				CLANG_WARN_BLOCK_CAPTURE_AUTORELEASING = YES;
				CLANG_WARN_BOOL_CONVERSION = YES;
				CLANG_WARN_COMMA = YES;
				CLANG_WARN_CONSTANT_CONVERSION = YES;
				CLANG_WARN_DEPRECATED_OBJC_IMPLEMENTATIONS = YES;
				CLANG_WARN_DIRECT_OBJC_ISA_USAGE = YES_ERROR;
				CLANG_WARN_DOCUMENTATION_COMMENTS = YES;
				CLANG_WARN_EMPTY_BODY = YES;
				CLANG_WARN_ENUM_CONVERSION = YES;
				CLANG_WARN_INFINITE_RECURSION = YES;
				CLANG_WARN_INT_CONVERSION = YES;
				CLANG_WARN_NON_LITERAL_NULL_CONVERSION = YES;
				CLANG_WARN_OBJC_IMPLICIT_RETAIN_SELF = YES;
				CLANG_WARN_OBJC_LITERAL_CONVERSION = YES;
				CLANG_WARN_OBJC_ROOT_CLASS = YES_ERROR;
				CLANG_WARN_QUOTED_INCLUDE_IN_FRAMEWORK_HEADER = YES;
				CLANG_WARN_RANGE_LOOP_ANALYSIS = YES;
				CLANG_WARN_STRICT_PROTOTYPES = YES;
				CLANG_WARN_SUSPICIOUS_MOVE = YES;
				CLANG_WARN_UNGUARDED_AVAILABILITY = YES_AGGRESSIVE;
				CLANG_WARN_UNREACHABLE_CODE = YES;
				CLANG_WARN__DUPLICATE_METHOD_MATCH = YES;
				COPY_PHASE_STRIP = NO;
				DEBUG_INFORMATION_FORMAT = "dwarf-with-dsym";
				ENABLE_NS_ASSERTIONS = NO;
				ENABLE_STRICT_OBJC_MSGSEND = YES;
				GCC_C_LANGUAGE_STANDARD = gnu11;
				GCC_NO_COMMON_BLOCKS = YES;
				GCC_WARN_64_TO_32_BIT_CONVERSION = YES;
				GCC_WARN_ABOUT_RETURN_TYPE = YES_ERROR;
				GCC_WARN_UNDECLARED_SELECTOR = YES;
				GCC_WARN_UNINITIALIZED_AUTOS = YES_AGGRESSIVE;
				GCC_WARN_UNUSED_FUNCTION = YES;
				GCC_WARN_UNUSED_VARIABLE = YES;
				IPHONEOS_DEPLOYMENT_TARGET = 14.4;
				MTL_ENABLE_DEBUG_INFO = NO;
				MTL_FAST_MATH = YES;
				SDKROOT = iphoneos;
				SWIFT_COMPILATION_MODE = wholemodule;
				SWIFT_OPTIMIZATION_LEVEL = "-O";
				VALIDATE_PRODUCT = YES;
			};
			name = Release;
		};
		30CB6E562625725B008E124A /* Debug */ = {
			isa = XCBuildConfiguration;
			buildSettings = {
				ASSETCATALOG_COMPILER_APPICON_NAME = AppIcon;
				ASSETCATALOG_COMPILER_GLOBAL_ACCENT_COLOR_NAME = AccentColor;
				CODE_SIGN_STYLE = Automatic;
				INFOPLIST_FILE = moviesApp/Info.plist;
				LD_RUNPATH_SEARCH_PATHS = (
					"$(inherited)",
					"@executable_path/Frameworks",
				);
				PRODUCT_BUNDLE_IDENTIFIER = codewithmehak.moviesApp;
				PRODUCT_NAME = "$(TARGET_NAME)";
				SWIFT_VERSION = 5.0;
				TARGETED_DEVICE_FAMILY = "1,2";
			};
			name = Debug;
		};
		30CB6E572625725B008E124A /* Release */ = {
			isa = XCBuildConfiguration;
			buildSettings = {
				ASSETCATALOG_COMPILER_APPICON_NAME = AppIcon;
				ASSETCATALOG_COMPILER_GLOBAL_ACCENT_COLOR_NAME = AccentColor;
				CODE_SIGN_STYLE = Automatic;
				INFOPLIST_FILE = moviesApp/Info.plist;
				LD_RUNPATH_SEARCH_PATHS = (
					"$(inherited)",
					"@executable_path/Frameworks",
				);
				PRODUCT_BUNDLE_IDENTIFIER = codewithmehak.moviesApp;
				PRODUCT_NAME = "$(TARGET_NAME)";
				SWIFT_VERSION = 5.0;
				TARGETED_DEVICE_FAMILY = "1,2";
			};
			name = Release;
		};
/* End XCBuildConfiguration section */

/* Begin XCConfigurationList section */
		30CB6E3C26257257008E124A /* Build configuration list for PBXProject "moviesApp" */ = {
			isa = XCConfigurationList;
			buildConfigurations = (
				30CB6E532625725B008E124A /* Debug */,
				30CB6E542625725B008E124A /* Release */,
			);
			defaultConfigurationIsVisible = 0;
			defaultConfigurationName = Release;
		};
		30CB6E552625725B008E124A /* Build configuration list for PBXNativeTarget "moviesApp" */ = {
			isa = XCConfigurationList;
			buildConfigurations = (
				30CB6E562625725B008E124A /* Debug */,
				30CB6E572625725B008E124A /* Release */,
			);
			defaultConfigurationIsVisible = 0;
			defaultConfigurationName = Release;
		};
/* End XCConfigurationList section */
	};
	rootObject = 30CB6E3926257257008E124A /* Project object */;
}
